
Microsoft Visual Studio Solution File, Format Version 12.00
Project("{FAE04EC0-301F-11D3-BF4B-00C04F79EFBC}") = "Katana-Sherlock", "Katana-Sherlock\Katana-Sherlock.csproj", "{066E1D4C-4E38-429E-9C6E-CB7F35716C63}"
EndProject
Global
	GlobalSection(SolutionConfigurationPlatforms) = preSolution
		Debug|Any CPU = Debug|Any CPU
		Release|Any CPU = Release|Any CPU
	EndGlobalSection
	GlobalSection(ProjectConfigurationPlatforms) = postSolution
		{066E1D4C-4E38-429E-9C6E-CB7F35716C63}.Debug|Any CPU.ActiveCfg = Debug|Any CPU
		{066E1D4C-4E38-429E-9C6E-CB7F35716C63}.Debug|Any CPU.Build.0 = Debug|Any CPU
		{066E1D4C-4E38-429E-9C6E-CB7F35716C63}.Release|Any CPU.ActiveCfg = Release|Any CPU
		{066E1D4C-4E38-429E-9C6E-CB7F35716C63}.Release|Any CPU.Build.0 = Release|Any CPU
	EndGlobalSection
EndGlobal
